
Microsoft Visual Studio Solution File, Format Version 12.00
# Visual Studio 15
VisualStudioVersion = 15.0.27130.2036
MinimumVisualStudioVersion = 10.0.40219.1
Project("{FAE04EC0-301F-11D3-BF4B-00C04F79EFBC}") = "设计模式", "设计模式\设计模式.csproj", "{53211155-02A5-455A-8298-C30A9E7E13B3}"
EndProject
Project("{FAE04EC0-301F-11D3-BF4B-00C04F79EFBC}") = "单例模式", "单例模式\单例模式.csproj", "{E3CD10BC-9E84-4D32-B0C0-90E72A846764}"
EndProject
Project("{FAE04EC0-301F-11D3-BF4B-00C04F79EFBC}") = "抽象工厂", "抽象工厂\抽象工厂.csproj", "{2FFED765-5B06-475F-A0C3-DBFD6F6271AD}"
EndProject
Project("{FAE04EC0-301F-11D3-BF4B-00C04F79EFBC}") = "建造者模式", "建造者模式\建造者模式.csproj", "{CF955B6F-AC3C-4E73-8DD2-D88075FBF0A7}"
EndProject
Project("{FAE04EC0-301F-11D3-BF4B-00C04F79EFBC}") = "Prototype原型模式", "Prototype原型模式\Prototype原型模式.csproj", "{3E215740-FEAB-4067-9EC2-E9FEE43602ED}"
EndProject
Project("{FAE04EC0-301F-11D3-BF4B-00C04F79EFBC}") = "Adapter适配器模式", "Adapter适配器模式\Adapter适配器模式.csproj", "{CF0FABAE-ADF7-4836-BC18-EBF99F0F1024}"
EndProject
Project("{FAE04EC0-301F-11D3-BF4B-00C04F79EFBC}") = "Bridge桥接模式", "Bridge桥接模式\Bridge桥接模式.csproj", "{AB25F0A8-1769-456F-85D5-0853675E9985}"
EndProject
Project("{FAE04EC0-301F-11D3-BF4B-00C04F79EFBC}") = "Composite组合模式", "Composite组合模式\Composite组合模式.csproj", "{3782B8C6-B855-4871-9F58-E706C459F0D4}"
EndProject
Project("{FAE04EC0-301F-11D3-BF4B-00C04F79EFBC}") = "Decotator装饰者模式", "Decotator装饰者模式\Decotator装饰者模式.csproj", "{7B7B393A-5729-45DE-81B9-37ED31BE9B9A}"
EndProject
Project("{FAE04EC0-301F-11D3-BF4B-00C04F79EFBC}") = "Facade外观模式", "Facade外观模式\Facade外观模式.csproj", "{D8F97D82-E893-40B0-8185-AAEF49C0453E}"
EndProject
Project("{FAE04EC0-301F-11D3-BF4B-00C04F79EFBC}") = "Flyweight享元模式", "Flyweight享元模式\Flyweight享元模式.csproj", "{32527F91-1C02-47F2-821A-D416A487A033}"
EndProject
Project("{FAE04EC0-301F-11D3-BF4B-00C04F79EFBC}") = "Proxy代理模式", "Proxy代理模式\Proxy代理模式.csproj", "{BF6E6FDF-78F8-4DCB-B69F-BE30DE12A39A}"
EndProject
Project("{FAE04EC0-301F-11D3-BF4B-00C04F79EFBC}") = "TemplateMethod模板方法", "TemplateMethod模板方法\TemplateMethod模板方法.csproj", "{235968FE-2ACC-45D5-9B3F-0C7185CE5A69}"
EndProject
Project("{FAE04EC0-301F-11D3-BF4B-00C04F79EFBC}") = "Command命令模式", "Command命令模式\Command命令模式.csproj", "{50C62179-964C-409F-A10F-2E89C5861056}"
EndProject
Project("{FAE04EC0-301F-11D3-BF4B-00C04F79EFBC}") = "Interpreter解释器", "Interpreter解释器\Interpreter解释器.csproj", "{C3B3C002-6797-4EAF-B265-B33D568A8412}"
EndProject
Project("{FAE04EC0-301F-11D3-BF4B-00C04F79EFBC}") = "Mediator中介者模式", "Mediator中介者模式\Mediator中介者模式.csproj", "{FAA15BA2-B4D8-45DF-86BC-1487C561A96B}"
EndProject
Project("{FAE04EC0-301F-11D3-BF4B-00C04F79EFBC}") = "Iterator迭代器", "Iterator迭代器\Iterator迭代器.csproj", "{614352F2-F9CC-4C33-8EF7-76C18B730A9F}"
EndProject
Project("{FAE04EC0-301F-11D3-BF4B-00C04F79EFBC}") = "ChainOfResponsibility职责链模式", "ChainOfResponsibility职责链模式\ChainOfResponsibility职责链模式.csproj", "{299682EE-B2A1-4DB1-BB09-62DF868FB32E}"
EndProject
Project("{FAE04EC0-301F-11D3-BF4B-00C04F79EFBC}") = "Memento备忘录模式", "Memento备忘录模式\Memento备忘录模式.csproj", "{FD1724A0-71AA-4A85-9A57-7A7CAF284507}"
EndProject
Project("{FAE04EC0-301F-11D3-BF4B-00C04F79EFBC}") = "State状态模式", "State状态模式\State状态模式.csproj", "{1EFF53B3-D69A-431B-8F6D-8F40E00FED46}"
EndProject
Project("{FAE04EC0-301F-11D3-BF4B-00C04F79EFBC}") = "Strategy策略模式", "Strategy策略模式\Strategy策略模式.csproj", "{F9947F14-2846-4853-A1C5-861FD7781A27}"
EndProject
Project("{FAE04EC0-301F-11D3-BF4B-00C04F79EFBC}") = "Visitor访问者模式", "Visitor访问者模式\Visitor访问者模式.csproj", "{62BCC6B5-9595-4DFC-91B3-E634C491114B}"
EndProject
Project("{FAE04EC0-301F-11D3-BF4B-00C04F79EFBC}") = "GRASP模式", "GRASP模式\GRASP模式.csproj", "{DEF84BB3-E227-4ED7-89D2-3082DE54B2B3}"
EndProject
Project("{FAE04EC0-301F-11D3-BF4B-00C04F79EFBC}") = "Observer观察者模式", "Observer观察者模式\Observer观察者模式.csproj", "{360107EB-4697-4348-B18F-6D02F69B73AF}"
EndProject
Global
	GlobalSection(SolutionConfigurationPlatforms) = preSolution
		Debug|Any CPU = Debug|Any CPU
		Release|Any CPU = Release|Any CPU
	EndGlobalSection
	GlobalSection(ProjectConfigurationPlatforms) = postSolution
		{53211155-02A5-455A-8298-C30A9E7E13B3}.Debug|Any CPU.ActiveCfg = Debug|Any CPU
		{53211155-02A5-455A-8298-C30A9E7E13B3}.Debug|Any CPU.Build.0 = Debug|Any CPU
		{53211155-02A5-455A-8298-C30A9E7E13B3}.Release|Any CPU.ActiveCfg = Release|Any CPU
		{53211155-02A5-455A-8298-C30A9E7E13B3}.Release|Any CPU.Build.0 = Release|Any CPU
		{E3CD10BC-9E84-4D32-B0C0-90E72A846764}.Debug|Any CPU.ActiveCfg = Debug|Any CPU
		{E3CD10BC-9E84-4D32-B0C0-90E72A846764}.Debug|Any CPU.Build.0 = Debug|Any CPU
		{E3CD10BC-9E84-4D32-B0C0-90E72A846764}.Release|Any CPU.ActiveCfg = Release|Any CPU
		{E3CD10BC-9E84-4D32-B0C0-90E72A846764}.Release|Any CPU.Build.0 = Release|Any CPU
		{2FFED765-5B06-475F-A0C3-DBFD6F6271AD}.Debug|Any CPU.ActiveCfg = Debug|Any CPU
		{2FFED765-5B06-475F-A0C3-DBFD6F6271AD}.Debug|Any CPU.Build.0 = Debug|Any CPU
		{2FFED765-5B06-475F-A0C3-DBFD6F6271AD}.Release|Any CPU.ActiveCfg = Release|Any CPU
		{2FFED765-5B06-475F-A0C3-DBFD6F6271AD}.Release|Any CPU.Build.0 = Release|Any CPU
		{CF955B6F-AC3C-4E73-8DD2-D88075FBF0A7}.Debug|Any CPU.ActiveCfg = Debug|Any CPU
		{CF955B6F-AC3C-4E73-8DD2-D88075FBF0A7}.Debug|Any CPU.Build.0 = Debug|Any CPU
		{CF955B6F-AC3C-4E73-8DD2-D88075FBF0A7}.Release|Any CPU.ActiveCfg = Release|Any CPU
		{CF955B6F-AC3C-4E73-8DD2-D88075FBF0A7}.Release|Any CPU.Build.0 = Release|Any CPU
		{3E215740-FEAB-4067-9EC2-E9FEE43602ED}.Debug|Any CPU.ActiveCfg = Debug|Any CPU
		{3E215740-FEAB-4067-9EC2-E9FEE43602ED}.Debug|Any CPU.Build.0 = Debug|Any CPU
		{3E215740-FEAB-4067-9EC2-E9FEE43602ED}.Release|Any CPU.ActiveCfg = Release|Any CPU
		{3E215740-FEAB-4067-9EC2-E9FEE43602ED}.Release|Any CPU.Build.0 = Release|Any CPU
		{CF0FABAE-ADF7-4836-BC18-EBF99F0F1024}.Debug|Any CPU.ActiveCfg = Debug|Any CPU
		{CF0FABAE-ADF7-4836-BC18-EBF99F0F1024}.Debug|Any CPU.Build.0 = Debug|Any CPU
		{CF0FABAE-ADF7-4836-BC18-EBF99F0F1024}.Release|Any CPU.ActiveCfg = Release|Any CPU
		{CF0FABAE-ADF7-4836-BC18-EBF99F0F1024}.Release|Any CPU.Build.0 = Release|Any CPU
		{AB25F0A8-1769-456F-85D5-0853675E9985}.Debug|Any CPU.ActiveCfg = Debug|Any CPU
		{AB25F0A8-1769-456F-85D5-0853675E9985}.Debug|Any CPU.Build.0 = Debug|Any CPU
		{AB25F0A8-1769-456F-85D5-0853675E9985}.Release|Any CPU.ActiveCfg = Release|Any CPU
		{AB25F0A8-1769-456F-85D5-0853675E9985}.Release|Any CPU.Build.0 = Release|Any CPU
		{3782B8C6-B855-4871-9F58-E706C459F0D4}.Debug|Any CPU.ActiveCfg = Debug|Any CPU
		{3782B8C6-B855-4871-9F58-E706C459F0D4}.Debug|Any CPU.Build.0 = Debug|Any CPU
		{3782B8C6-B855-4871-9F58-E706C459F0D4}.Release|Any CPU.ActiveCfg = Release|Any CPU
		{3782B8C6-B855-4871-9F58-E706C459F0D4}.Release|Any CPU.Build.0 = Release|Any CPU
		{7B7B393A-5729-45DE-81B9-37ED31BE9B9A}.Debug|Any CPU.ActiveCfg = Debug|Any CPU
		{7B7B393A-5729-45DE-81B9-37ED31BE9B9A}.Debug|Any CPU.Build.0 = Debug|Any CPU
		{7B7B393A-5729-45DE-81B9-37ED31BE9B9A}.Release|Any CPU.ActiveCfg = Release|Any CPU
		{7B7B393A-5729-45DE-81B9-37ED31BE9B9A}.Release|Any CPU.Build.0 = Release|Any CPU
		{D8F97D82-E893-40B0-8185-AAEF49C0453E}.Debug|Any CPU.ActiveCfg = Debug|Any CPU
		{D8F97D82-E893-40B0-8185-AAEF49C0453E}.Debug|Any CPU.Build.0 = Debug|Any CPU
		{D8F97D82-E893-40B0-8185-AAEF49C0453E}.Release|Any CPU.ActiveCfg = Release|Any CPU
		{D8F97D82-E893-40B0-8185-AAEF49C0453E}.Release|Any CPU.Build.0 = Release|Any CPU
		{32527F91-1C02-47F2-821A-D416A487A033}.Debug|Any CPU.ActiveCfg = Debug|Any CPU
		{32527F91-1C02-47F2-821A-D416A487A033}.Debug|Any CPU.Build.0 = Debug|Any CPU
		{32527F91-1C02-47F2-821A-D416A487A033}.Release|Any CPU.ActiveCfg = Release|Any CPU
		{32527F91-1C02-47F2-821A-D416A487A033}.Release|Any CPU.Build.0 = Release|Any CPU
		{BF6E6FDF-78F8-4DCB-B69F-BE30DE12A39A}.Debug|Any CPU.ActiveCfg = Debug|Any CPU
		{BF6E6FDF-78F8-4DCB-B69F-BE30DE12A39A}.Debug|Any CPU.Build.0 = Debug|Any CPU
		{BF6E6FDF-78F8-4DCB-B69F-BE30DE12A39A}.Release|Any CPU.ActiveCfg = Release|Any CPU
		{BF6E6FDF-78F8-4DCB-B69F-BE30DE12A39A}.Release|Any CPU.Build.0 = Release|Any CPU
		{235968FE-2ACC-45D5-9B3F-0C7185CE5A69}.Debug|Any CPU.ActiveCfg = Debug|Any CPU
		{235968FE-2ACC-45D5-9B3F-0C7185CE5A69}.Debug|Any CPU.Build.0 = Debug|Any CPU
		{235968FE-2ACC-45D5-9B3F-0C7185CE5A69}.Release|Any CPU.ActiveCfg = Release|Any CPU
		{235968FE-2ACC-45D5-9B3F-0C7185CE5A69}.Release|Any CPU.Build.0 = Release|Any CPU
		{50C62179-964C-409F-A10F-2E89C5861056}.Debug|Any CPU.ActiveCfg = Debug|Any CPU
		{50C62179-964C-409F-A10F-2E89C5861056}.Debug|Any CPU.Build.0 = Debug|Any CPU
		{50C62179-964C-409F-A10F-2E89C5861056}.Release|Any CPU.ActiveCfg = Release|Any CPU
		{50C62179-964C-409F-A10F-2E89C5861056}.Release|Any CPU.Build.0 = Release|Any CPU
		{C3B3C002-6797-4EAF-B265-B33D568A8412}.Debug|Any CPU.ActiveCfg = Debug|Any CPU
		{C3B3C002-6797-4EAF-B265-B33D568A8412}.Debug|Any CPU.Build.0 = Debug|Any CPU
		{C3B3C002-6797-4EAF-B265-B33D568A8412}.Release|Any CPU.ActiveCfg = Release|Any CPU
		{C3B3C002-6797-4EAF-B265-B33D568A8412}.Release|Any CPU.Build.0 = Release|Any CPU
		{FAA15BA2-B4D8-45DF-86BC-1487C561A96B}.Debug|Any CPU.ActiveCfg = Debug|Any CPU
		{FAA15BA2-B4D8-45DF-86BC-1487C561A96B}.Debug|Any CPU.Build.0 = Debug|Any CPU
		{FAA15BA2-B4D8-45DF-86BC-1487C561A96B}.Release|Any CPU.ActiveCfg = Release|Any CPU
		{FAA15BA2-B4D8-45DF-86BC-1487C561A96B}.Release|Any CPU.Build.0 = Release|Any CPU
		{614352F2-F9CC-4C33-8EF7-76C18B730A9F}.Debug|Any CPU.ActiveCfg = Debug|Any CPU
		{614352F2-F9CC-4C33-8EF7-76C18B730A9F}.Debug|Any CPU.Build.0 = Debug|Any CPU
		{614352F2-F9CC-4C33-8EF7-76C18B730A9F}.Release|Any CPU.ActiveCfg = Release|Any CPU
		{614352F2-F9CC-4C33-8EF7-76C18B730A9F}.Release|Any CPU.Build.0 = Release|Any CPU
		{299682EE-B2A1-4DB1-BB09-62DF868FB32E}.Debug|Any CPU.ActiveCfg = Debug|Any CPU
		{299682EE-B2A1-4DB1-BB09-62DF868FB32E}.Debug|Any CPU.Build.0 = Debug|Any CPU
		{299682EE-B2A1-4DB1-BB09-62DF868FB32E}.Release|Any CPU.ActiveCfg = Release|Any CPU
		{299682EE-B2A1-4DB1-BB09-62DF868FB32E}.Release|Any CPU.Build.0 = Release|Any CPU
		{FD1724A0-71AA-4A85-9A57-7A7CAF284507}.Debug|Any CPU.ActiveCfg = Debug|Any CPU
		{FD1724A0-71AA-4A85-9A57-7A7CAF284507}.Debug|Any CPU.Build.0 = Debug|Any CPU
		{FD1724A0-71AA-4A85-9A57-7A7CAF284507}.Release|Any CPU.ActiveCfg = Release|Any CPU
		{FD1724A0-71AA-4A85-9A57-7A7CAF284507}.Release|Any CPU.Build.0 = Release|Any CPU
		{1EFF53B3-D69A-431B-8F6D-8F40E00FED46}.Debug|Any CPU.ActiveCfg = Debug|Any CPU
		{1EFF53B3-D69A-431B-8F6D-8F40E00FED46}.Debug|Any CPU.Build.0 = Debug|Any CPU
		{1EFF53B3-D69A-431B-8F6D-8F40E00FED46}.Release|Any CPU.ActiveCfg = Release|Any CPU
		{1EFF53B3-D69A-431B-8F6D-8F40E00FED46}.Release|Any CPU.Build.0 = Release|Any CPU
		{F9947F14-2846-4853-A1C5-861FD7781A27}.Debug|Any CPU.ActiveCfg = Debug|Any CPU
		{F9947F14-2846-4853-A1C5-861FD7781A27}.Debug|Any CPU.Build.0 = Debug|Any CPU
		{F9947F14-2846-4853-A1C5-861FD7781A27}.Release|Any CPU.ActiveCfg = Release|Any CPU
		{F9947F14-2846-4853-A1C5-861FD7781A27}.Release|Any CPU.Build.0 = Release|Any CPU
		{62BCC6B5-9595-4DFC-91B3-E634C491114B}.Debug|Any CPU.ActiveCfg = Debug|Any CPU
		{62BCC6B5-9595-4DFC-91B3-E634C491114B}.Debug|Any CPU.Build.0 = Debug|Any CPU
		{62BCC6B5-9595-4DFC-91B3-E634C491114B}.Release|Any CPU.ActiveCfg = Release|Any CPU
		{62BCC6B5-9595-4DFC-91B3-E634C491114B}.Release|Any CPU.Build.0 = Release|Any CPU
		{DEF84BB3-E227-4ED7-89D2-3082DE54B2B3}.Debug|Any CPU.ActiveCfg = Debug|Any CPU
		{DEF84BB3-E227-4ED7-89D2-3082DE54B2B3}.Debug|Any CPU.Build.0 = Debug|Any CPU
		{DEF84BB3-E227-4ED7-89D2-3082DE54B2B3}.Release|Any CPU.ActiveCfg = Release|Any CPU
		{DEF84BB3-E227-4ED7-89D2-3082DE54B2B3}.Release|Any CPU.Build.0 = Release|Any CPU
		{360107EB-4697-4348-B18F-6D02F69B73AF}.Debug|Any CPU.ActiveCfg = Debug|Any CPU
		{360107EB-4697-4348-B18F-6D02F69B73AF}.Debug|Any CPU.Build.0 = Debug|Any CPU
		{360107EB-4697-4348-B18F-6D02F69B73AF}.Release|Any CPU.ActiveCfg = Release|Any CPU
		{360107EB-4697-4348-B18F-6D02F69B73AF}.Release|Any CPU.Build.0 = Release|Any CPU
	EndGlobalSection
	GlobalSection(SolutionProperties) = preSolution
		HideSolutionNode = FALSE
	EndGlobalSection
	GlobalSection(ExtensibilityGlobals) = postSolution
		SolutionGuid = {73257D3B-5595-4BAC-8F87-10D5FA404689}
	EndGlobalSection
EndGlobal
