
Microsoft Visual Studio Solution File, Format Version 12.00
# Visual Studio 15
VisualStudioVersion = 15.0.27130.2036
MinimumVisualStudioVersion = 10.0.40219.1
Project("{FAE04EC0-301F-11D3-BF4B-00C04F79EFBC}") = "设计模式", "设计模式\设计模式.csproj", "{53211155-02A5-455A-8298-C30A9E7E13B3}"
EndProject
Project("{FAE04EC0-301F-11D3-BF4B-00C04F79EFBC}") = "单例模式", "单例模式\单例模式.csproj", "{E3CD10BC-9E84-4D32-B0C0-90E72A846764}"
EndProject
Project("{FAE04EC0-301F-11D3-BF4B-00C04F79EFBC}") = "抽象工厂", "抽象工厂\抽象工厂.csproj", "{2FFED765-5B06-475F-A0C3-DBFD6F6271AD}"
EndProject
Project("{FAE04EC0-301F-11D3-BF4B-00C04F79EFBC}") = "建造者模式", "建造者模式\建造者模式.csproj", "{CF955B6F-AC3C-4E73-8DD2-D88075FBF0A7}"
EndProject
Project("{FAE04EC0-301F-11D3-BF4B-00C04F79EFBC}") = "Prototype原型模式", "Prototype原型模式\Prototype原型模式.csproj", "{3E215740-FEAB-4067-9EC2-E9FEE43602ED}"
EndProject
Project("{FAE04EC0-301F-11D3-BF4B-00C04F79EFBC}") = "Adapter适配器模式", "Adapter适配器模式\Adapter适配器模式.csproj", "{CF0FABAE-ADF7-4836-BC18-EBF99F0F1024}"
EndProject
Project("{FAE04EC0-301F-11D3-BF4B-00C04F79EFBC}") = "Bridge桥接模式", "Bridge桥接模式\Bridge桥接模式.csproj", "{AB25F0A8-1769-456F-85D5-0853675E9985}"
EndProject
Project("{FAE04EC0-301F-11D3-BF4B-00C04F79EFBC}") = "Composite组合模式", "Composite组合模式\Composite组合模式.csproj", "{3782B8C6-B855-4871-9F58-E706C459F0D4}"
EndProject
Project("{FAE04EC0-301F-11D3-BF4B-00C04F79EFBC}") = "Decotator装饰者模式", "Decotator装饰者模式\Decotator装饰者模式.csproj", "{7B7B393A-5729-45DE-81B9-37ED31BE9B9A}"
EndProject
Global
	GlobalSection(SolutionConfigurationPlatforms) = preSolution
		Debug|Any CPU = Debug|Any CPU
		Release|Any CPU = Release|Any CPU
	EndGlobalSection
	GlobalSection(ProjectConfigurationPlatforms) = postSolution
		{53211155-02A5-455A-8298-C30A9E7E13B3}.Debug|Any CPU.ActiveCfg = Debug|Any CPU
		{53211155-02A5-455A-8298-C30A9E7E13B3}.Debug|Any CPU.Build.0 = Debug|Any CPU
		{53211155-02A5-455A-8298-C30A9E7E13B3}.Release|Any CPU.ActiveCfg = Release|Any CPU
		{53211155-02A5-455A-8298-C30A9E7E13B3}.Release|Any CPU.Build.0 = Release|Any CPU
		{E3CD10BC-9E84-4D32-B0C0-90E72A846764}.Debug|Any CPU.ActiveCfg = Debug|Any CPU
		{E3CD10BC-9E84-4D32-B0C0-90E72A846764}.Debug|Any CPU.Build.0 = Debug|Any CPU
		{E3CD10BC-9E84-4D32-B0C0-90E72A846764}.Release|Any CPU.ActiveCfg = Release|Any CPU
		{E3CD10BC-9E84-4D32-B0C0-90E72A846764}.Release|Any CPU.Build.0 = Release|Any CPU
		{2FFED765-5B06-475F-A0C3-DBFD6F6271AD}.Debug|Any CPU.ActiveCfg = Debug|Any CPU
		{2FFED765-5B06-475F-A0C3-DBFD6F6271AD}.Debug|Any CPU.Build.0 = Debug|Any CPU
		{2FFED765-5B06-475F-A0C3-DBFD6F6271AD}.Release|Any CPU.ActiveCfg = Release|Any CPU
		{2FFED765-5B06-475F-A0C3-DBFD6F6271AD}.Release|Any CPU.Build.0 = Release|Any CPU
		{CF955B6F-AC3C-4E73-8DD2-D88075FBF0A7}.Debug|Any CPU.ActiveCfg = Debug|Any CPU
		{CF955B6F-AC3C-4E73-8DD2-D88075FBF0A7}.Debug|Any CPU.Build.0 = Debug|Any CPU
		{CF955B6F-AC3C-4E73-8DD2-D88075FBF0A7}.Release|Any CPU.ActiveCfg = Release|Any CPU
		{CF955B6F-AC3C-4E73-8DD2-D88075FBF0A7}.Release|Any CPU.Build.0 = Release|Any CPU
		{3E215740-FEAB-4067-9EC2-E9FEE43602ED}.Debug|Any CPU.ActiveCfg = Debug|Any CPU
		{3E215740-FEAB-4067-9EC2-E9FEE43602ED}.Debug|Any CPU.Build.0 = Debug|Any CPU
		{3E215740-FEAB-4067-9EC2-E9FEE43602ED}.Release|Any CPU.ActiveCfg = Release|Any CPU
		{3E215740-FEAB-4067-9EC2-E9FEE43602ED}.Release|Any CPU.Build.0 = Release|Any CPU
		{CF0FABAE-ADF7-4836-BC18-EBF99F0F1024}.Debug|Any CPU.ActiveCfg = Debug|Any CPU
		{CF0FABAE-ADF7-4836-BC18-EBF99F0F1024}.Debug|Any CPU.Build.0 = Debug|Any CPU
		{CF0FABAE-ADF7-4836-BC18-EBF99F0F1024}.Release|Any CPU.ActiveCfg = Release|Any CPU
		{CF0FABAE-ADF7-4836-BC18-EBF99F0F1024}.Release|Any CPU.Build.0 = Release|Any CPU
		{AB25F0A8-1769-456F-85D5-0853675E9985}.Debug|Any CPU.ActiveCfg = Debug|Any CPU
		{AB25F0A8-1769-456F-85D5-0853675E9985}.Debug|Any CPU.Build.0 = Debug|Any CPU
		{AB25F0A8-1769-456F-85D5-0853675E9985}.Release|Any CPU.ActiveCfg = Release|Any CPU
		{AB25F0A8-1769-456F-85D5-0853675E9985}.Release|Any CPU.Build.0 = Release|Any CPU
		{3782B8C6-B855-4871-9F58-E706C459F0D4}.Debug|Any CPU.ActiveCfg = Debug|Any CPU
		{3782B8C6-B855-4871-9F58-E706C459F0D4}.Debug|Any CPU.Build.0 = Debug|Any CPU
		{3782B8C6-B855-4871-9F58-E706C459F0D4}.Release|Any CPU.ActiveCfg = Release|Any CPU
		{3782B8C6-B855-4871-9F58-E706C459F0D4}.Release|Any CPU.Build.0 = Release|Any CPU
		{7B7B393A-5729-45DE-81B9-37ED31BE9B9A}.Debug|Any CPU.ActiveCfg = Debug|Any CPU
		{7B7B393A-5729-45DE-81B9-37ED31BE9B9A}.Debug|Any CPU.Build.0 = Debug|Any CPU
		{7B7B393A-5729-45DE-81B9-37ED31BE9B9A}.Release|Any CPU.ActiveCfg = Release|Any CPU
		{7B7B393A-5729-45DE-81B9-37ED31BE9B9A}.Release|Any CPU.Build.0 = Release|Any CPU
	EndGlobalSection
	GlobalSection(SolutionProperties) = preSolution
		HideSolutionNode = FALSE
	EndGlobalSection
	GlobalSection(ExtensibilityGlobals) = postSolution
		SolutionGuid = {73257D3B-5595-4BAC-8F87-10D5FA404689}
	EndGlobalSection
EndGlobal
